
Microsoft Visual Studio Solution File, Format Version 12.00
# Visual Studio 15
VisualStudioVersion = 15.0.28010.2036
MinimumVisualStudioVersion = 10.0.40219.1
Project("{FAE04EC0-301F-11D3-BF4B-00C04F79EFBC}") = "HostModemInterface", "modem_com\HostModemInterface.csproj", "{271D6BF1-EBC2-4608-87E7-D34F63ABD3A5}"
EndProject
Global
	GlobalSection(SolutionConfigurationPlatforms) = preSolution
		Debug|Any CPU = Debug|Any CPU
		Release|Any CPU = Release|Any CPU
	EndGlobalSection
	GlobalSection(ProjectConfigurationPlatforms) = postSolution
		{271D6BF1-EBC2-4608-87E7-D34F63ABD3A5}.Debug|Any CPU.ActiveCfg = Debug|Any CPU
		{271D6BF1-EBC2-4608-87E7-D34F63ABD3A5}.Debug|Any CPU.Build.0 = Debug|Any CPU
		{271D6BF1-EBC2-4608-87E7-D34F63ABD3A5}.Release|Any CPU.ActiveCfg = Release|Any CPU
		{271D6BF1-EBC2-4608-87E7-D34F63ABD3A5}.Release|Any CPU.Build.0 = Release|Any CPU
	EndGlobalSection
	GlobalSection(SolutionProperties) = preSolution
		HideSolutionNode = FALSE
	EndGlobalSection
	GlobalSection(ExtensibilityGlobals) = postSolution
		SolutionGuid = {5D888651-52D1-4A3E-8B2D-6B1FB62A5100}
	EndGlobalSection
EndGlobal
